
Microsoft Visual Studio Solution File, Format Version 12.00
# Visual Studio 14
VisualStudioVersion = 14.0.25420.1
MinimumVisualStudioVersion = 10.0.40219.1
Project("{FAE04EC0-301F-11D3-BF4B-00C04F79EFBC}") = "Homework 1", "Homework 1\Homework 1.csproj", "{DC997E4C-E88F-4B04-BC94-A332E9F1B693}"
EndProject
Project("{2150E333-8FDC-42A3-9474-1A3956D46DE8}") = "Solution Items", "Solution Items", "{27309027-04EA-4E81-8045-21D51E5876F3}"
EndProject
Global
	GlobalSection(SolutionConfigurationPlatforms) = preSolution
		Debug|ARM = Debug|ARM
		Debug|x64 = Debug|x64
		Debug|x86 = Debug|x86
		Release|ARM = Release|ARM
		Release|x64 = Release|x64
		Release|x86 = Release|x86
	EndGlobalSection
	GlobalSection(ProjectConfigurationPlatforms) = postSolution
		{DC997E4C-E88F-4B04-BC94-A332E9F1B693}.Debug|ARM.ActiveCfg = Debug|ARM
		{DC997E4C-E88F-4B04-BC94-A332E9F1B693}.Debug|ARM.Build.0 = Debug|ARM
		{DC997E4C-E88F-4B04-BC94-A332E9F1B693}.Debug|ARM.Deploy.0 = Debug|ARM
		{DC997E4C-E88F-4B04-BC94-A332E9F1B693}.Debug|x64.ActiveCfg = Debug|x64
		{DC997E4C-E88F-4B04-BC94-A332E9F1B693}.Debug|x64.Build.0 = Debug|x64
		{DC997E4C-E88F-4B04-BC94-A332E9F1B693}.Debug|x64.Deploy.0 = Debug|x64
		{DC997E4C-E88F-4B04-BC94-A332E9F1B693}.Debug|x86.ActiveCfg = Debug|x86
		{DC997E4C-E88F-4B04-BC94-A332E9F1B693}.Debug|x86.Build.0 = Debug|x86
		{DC997E4C-E88F-4B04-BC94-A332E9F1B693}.Debug|x86.Deploy.0 = Debug|x86
		{DC997E4C-E88F-4B04-BC94-A332E9F1B693}.Release|ARM.ActiveCfg = Release|ARM
		{DC997E4C-E88F-4B04-BC94-A332E9F1B693}.Release|ARM.Build.0 = Release|ARM
		{DC997E4C-E88F-4B04-BC94-A332E9F1B693}.Release|ARM.Deploy.0 = Release|ARM
		{DC997E4C-E88F-4B04-BC94-A332E9F1B693}.Release|x64.ActiveCfg = Release|x64
		{DC997E4C-E88F-4B04-BC94-A332E9F1B693}.Release|x64.Build.0 = Release|x64
		{DC997E4C-E88F-4B04-BC94-A332E9F1B693}.Release|x64.Deploy.0 = Release|x64
		{DC997E4C-E88F-4B04-BC94-A332E9F1B693}.Release|x86.ActiveCfg = Release|x86
		{DC997E4C-E88F-4B04-BC94-A332E9F1B693}.Release|x86.Build.0 = Release|x86
		{DC997E4C-E88F-4B04-BC94-A332E9F1B693}.Release|x86.Deploy.0 = Release|x86
	EndGlobalSection
	GlobalSection(SolutionProperties) = preSolution
		HideSolutionNode = FALSE
	EndGlobalSection
EndGlobal
